
Microsoft Visual Studio Solution File, Format Version 12.00
# Visual Studio Version 17
VisualStudioVersion = 17.1.32228.430
MinimumVisualStudioVersion = 10.0.40219.1
Project("{F184B08F-C81C-45F6-A57F-5ABD9991F28F}") = "EjemploDataView", "EjemploDataView\EjemploDataView.vbproj", "{8D936971-3711-4291-BEF5-2929D229139E}"
EndProject
Global
	GlobalSection(SolutionConfigurationPlatforms) = preSolution
		Debug|Any CPU = Debug|Any CPU
		Release|Any CPU = Release|Any CPU
	EndGlobalSection
	GlobalSection(ProjectConfigurationPlatforms) = postSolution
		{8D936971-3711-4291-BEF5-2929D229139E}.Debug|Any CPU.ActiveCfg = Debug|Any CPU
		{8D936971-3711-4291-BEF5-2929D229139E}.Debug|Any CPU.Build.0 = Debug|Any CPU
		{8D936971-3711-4291-BEF5-2929D229139E}.Release|Any CPU.ActiveCfg = Release|Any CPU
		{8D936971-3711-4291-BEF5-2929D229139E}.Release|Any CPU.Build.0 = Release|Any CPU
	EndGlobalSection
	GlobalSection(SolutionProperties) = preSolution
		HideSolutionNode = FALSE
	EndGlobalSection
	GlobalSection(ExtensibilityGlobals) = postSolution
		SolutionGuid = {BDBFC88D-95AE-4C43-8D16-5DCD51101190}
	EndGlobalSection
EndGlobal
